
Microsoft Visual Studio Solution File, Format Version 12.00
# Visual Studio Version 16
VisualStudioVersion = 16.0.30709.64
MinimumVisualStudioVersion = 10.0.40219.1
Project("{FAE04EC0-301F-11D3-BF4B-00C04F79EFBC}") = "BibiBro.Server", "BibiBro.Server\BibiBro.Server.csproj", "{5DAF67AE-4052-478C-B0EA-825A25324AB2}"
EndProject
Project("{FAE04EC0-301F-11D3-BF4B-00C04F79EFBC}") = "BibiBro.Client.Telegram", "BibiBro.Client.Telegram\BibiBro.Client.Telegram.csproj", "{A842623C-1567-4CB3-A1AC-35424620B4A3}"
EndProject
Global
	GlobalSection(SolutionConfigurationPlatforms) = preSolution
		Debug|Any CPU = Debug|Any CPU
		Release|Any CPU = Release|Any CPU
	EndGlobalSection
	GlobalSection(ProjectConfigurationPlatforms) = postSolution
		{5DAF67AE-4052-478C-B0EA-825A25324AB2}.Debug|Any CPU.ActiveCfg = Debug|Any CPU
		{5DAF67AE-4052-478C-B0EA-825A25324AB2}.Debug|Any CPU.Build.0 = Debug|Any CPU
		{5DAF67AE-4052-478C-B0EA-825A25324AB2}.Release|Any CPU.ActiveCfg = Release|Any CPU
		{5DAF67AE-4052-478C-B0EA-825A25324AB2}.Release|Any CPU.Build.0 = Release|Any CPU
		{A842623C-1567-4CB3-A1AC-35424620B4A3}.Debug|Any CPU.ActiveCfg = Debug|Any CPU
		{A842623C-1567-4CB3-A1AC-35424620B4A3}.Debug|Any CPU.Build.0 = Debug|Any CPU
		{A842623C-1567-4CB3-A1AC-35424620B4A3}.Release|Any CPU.ActiveCfg = Release|Any CPU
		{A842623C-1567-4CB3-A1AC-35424620B4A3}.Release|Any CPU.Build.0 = Release|Any CPU
	EndGlobalSection
	GlobalSection(SolutionProperties) = preSolution
		HideSolutionNode = FALSE
	EndGlobalSection
	GlobalSection(ExtensibilityGlobals) = postSolution
		SolutionGuid = {BCFFAE44-71D6-4FAD-AF9F-263F804D8221}
	EndGlobalSection
EndGlobal
